<?xml version="1.0" encoding="utf-8"?>
<Project ToolsVersion="4.0" xmlns="http://schemas.microsoft.com/developer/msbuild/2003">
  <ItemGroup>
    <Filter Include="Source Files">
      <UniqueIdentifier>{129099a9-0113-4880-83ad-2114ad9fa9b8}</UniqueIdentifier>
      <Extensions>cpp;c;cxx;rc;def;r;odl;idl;hpj;bat</Extensions>
    </Filter>
    <Filter Include="Header Files">
      <UniqueIdentifier>{18fe5af6-3bfa-4710-afa4-5878d81a1ba3}</UniqueIdentifier>
      <Extensions>h;hpp;hxx;hm;inl</Extensions>
    </Filter>
    <Filter Include="Library Files">
      <UniqueIdentifier>{9fd8558a-4c96-489c-a7f9-4d0a3e49bad3}</UniqueIdentifier>
      <Extensions>lib</Extensions>
    </Filter>
  </ItemGroup>
  <ItemGroup>
    <ClCompile Include="HighReg.c">
      <Filter>Source Files</Filter>
    </ClCompile>
  </ItemGroup>
</Project>